// !$*UTF8*$!
{
	archiveVersion = 1;
	classes = {
	};
	objectVersion = 46;
	objects = {

/* Begin PBXBuildFile section */
		DB71ABAA17F22D3F00DE1E30 /* Foundation.framework in Frameworks */ = {isa = PBXBuildFile; fileRef = DB71ABA917F22D3F00DE1E30 /* Foundation.framework */; };
		DB71ABAC17F22D3F00DE1E30 /* CoreGraphics.framework in Frameworks */ = {isa = PBXBuildFile; fileRef = DB71ABAB17F22D3F00DE1E30 /* CoreGraphics.framework */; };
		DB71ABAE17F22D3F00DE1E30 /* UIKit.framework in Frameworks */ = {isa = PBXBuildFile; fileRef = DB71ABAD17F22D3F00DE1E30 /* UIKit.framework */; };
		DB71ABB417F22D3F00DE1E30 /* InfoPlist.strings in Resources */ = {isa = PBXBuildFile; fileRef = DB71ABB217F22D3F00DE1E30 /* InfoPlist.strings */; };
		DB71ABB617F22D3F00DE1E30 /* main.m in Sources */ = {isa = PBXBuildFile; fileRef = DB71ABB517F22D3F00DE1E30 /* main.m */; };
		DB71ABBA17F22D3F00DE1E30 /* AppDelegate.m in Sources */ = {isa = PBXBuildFile; fileRef = DB71ABB917F22D3F00DE1E30 /* AppDelegate.m */; };
		DB71ABBD17F22D3F00DE1E30 /* Main.storyboard in Resources */ = {isa = PBXBuildFile; fileRef = DB71ABBB17F22D3F00DE1E30 /* Main.storyboard */; };
		DB71ABC017F22D3F00DE1E30 /* ViewController.m in Sources */ = {isa = PBXBuildFile; fileRef = DB71ABBF17F22D3F00DE1E30 /* ViewController.m */; };
		DB71ABC217F22D3F00DE1E30 /* Images.xcassets in Resources */ = {isa = PBXBuildFile; fileRef = DB71ABC117F22D3F00DE1E30 /* Images.xcassets */; };
		DB71ABC917F22D3F00DE1E30 /* XCTest.framework in Frameworks */ = {isa = PBXBuildFile; fileRef = DB71ABC817F22D3F00DE1E30 /* XCTest.framework */; };
		DB71ABCA17F22D3F00DE1E30 /* Foundation.framework in Frameworks */ = {isa = PBXBuildFile; fileRef = DB71ABA917F22D3F00DE1E30 /* Foundation.framework */; };
		DB71ABCB17F22D3F00DE1E30 /* UIKit.framework in Frameworks */ = {isa = PBXBuildFile; fileRef = DB71ABAD17F22D3F00DE1E30 /* UIKit.framework */; };
		DB71ABD317F22D3F00DE1E30 /* InfoPlist.strings in Resources */ = {isa = PBXBuildFile; fileRef = DB71ABD117F22D3F00DE1E30 /* InfoPlist.strings */; };
		DB71ABD517F22D3F00DE1E30 /* CrtstalBallTests.m in Sources */ = {isa = PBXBuildFile; fileRef = DB71ABD417F22D3F00DE1E30 /* CrtstalBallTests.m */; };
		DBD4A04517F381F100628381 /* button_bg_on.png in Resources */ = {isa = PBXBuildFile; fileRef = DBD4A04417F381F100628381 /* button_bg_on.png */; };
		DBD4A04717F3820D00628381 /* button_bg_off.png in Resources */ = {isa = PBXBuildFile; fileRef = DBD4A04617F3820D00628381 /* button_bg_off.png */; };
		DBD4A04C17F3897100628381 /* button_bg_off@2x.png in Resources */ = {isa = PBXBuildFile; fileRef = DBD4A04A17F3897100628381 /* button_bg_off@2x.png */; };
		DBD4A04D17F3897100628381 /* button_bg_on@2x.png in Resources */ = {isa = PBXBuildFile; fileRef = DBD4A04B17F3897100628381 /* button_bg_on@2x.png */; };
		DBD4A06717F3A2C400628381 /* cball00001.png in Resources */ = {isa = PBXBuildFile; fileRef = DBD4A04F17F3A2C400628381 /* cball00001.png */; };
		DBD4A06817F3A2C400628381 /* cball00023.png in Resources */ = {isa = PBXBuildFile; fileRef = DBD4A05017F3A2C400628381 /* cball00023.png */; };
		DBD4A06917F3A2C400628381 /* cball00024.png in Resources */ = {isa = PBXBuildFile; fileRef = DBD4A05117F3A2C400628381 /* cball00024.png */; };
		DBD4A06A17F3A2C400628381 /* cball00017.png in Resources */ = {isa = PBXBuildFile; fileRef = DBD4A05217F3A2C400628381 /* cball00017.png */; };
		DBD4A06B17F3A2C400628381 /* cball00018.png in Resources */ = {isa = PBXBuildFile; fileRef = DBD4A05317F3A2C400628381 /* cball00018.png */; };
		DBD4A06C17F3A2C400628381 /* cball00019.png in Resources */ = {isa = PBXBuildFile; fileRef = DBD4A05417F3A2C400628381 /* cball00019.png */; };
		DBD4A06D17F3A2C400628381 /* cball00020.png in Resources */ = {isa = PBXBuildFile; fileRef = DBD4A05517F3A2C400628381 /* cball00020.png */; };
		DBD4A06E17F3A2C400628381 /* cball00021.png in Resources */ = {isa = PBXBuildFile; fileRef = DBD4A05617F3A2C400628381 /* cball00021.png */; };
		DBD4A06F17F3A2C400628381 /* cball00022.png in Resources */ = {isa = PBXBuildFile; fileRef = DBD4A05717F3A2C400628381 /* cball00022.png */; };
		DBD4A07017F3A2C400628381 /* cball00013.png in Resources */ = {isa = PBXBuildFile; fileRef = DBD4A05817F3A2C400628381 /* cball00013.png */; };
		DBD4A07117F3A2C400628381 /* cball00014.png in Resources */ = {isa = PBXBuildFile; fileRef = DBD4A05917F3A2C400628381 /* cball00014.png */; };
		DBD4A07217F3A2C400628381 /* cball00015.png in Resources */ = {isa = PBXBuildFile; fileRef = DBD4A05A17F3A2C400628381 /* cball00015.png */; };
		DBD4A07317F3A2C400628381 /* cball00016.png in Resources */ = {isa = PBXBuildFile; fileRef = DBD4A05B17F3A2C400628381 /* cball00016.png */; };
		DBD4A07417F3A2C400628381 /* cball00008.png in Resources */ = {isa = PBXBuildFile; fileRef = DBD4A05C17F3A2C400628381 /* cball00008.png */; };
		DBD4A07517F3A2C400628381 /* cball00009.png in Resources */ = {isa = PBXBuildFile; fileRef = DBD4A05D17F3A2C400628381 /* cball00009.png */; };
		DBD4A07617F3A2C400628381 /* cball00010.png in Resources */ = {isa = PBXBuildFile; fileRef = DBD4A05E17F3A2C400628381 /* cball00010.png */; };
		DBD4A07717F3A2C400628381 /* cball00011.png in Resources */ = {isa = PBXBuildFile; fileRef = DBD4A05F17F3A2C400628381 /* cball00011.png */; };
		DBD4A07817F3A2C400628381 /* cball00012.png in Resources */ = {isa = PBXBuildFile; fileRef = DBD4A06017F3A2C400628381 /* cball00012.png */; };
		DBD4A07917F3A2C400628381 /* cball00003.png in Resources */ = {isa = PBXBuildFile; fileRef = DBD4A06117F3A2C400628381 /* cball00003.png */; };
		DBD4A07A17F3A2C400628381 /* cball00004.png in Resources */ = {isa = PBXBuildFile; fileRef = DBD4A06217F3A2C400628381 /* cball00004.png */; };
		DBD4A07B17F3A2C400628381 /* cball00005.png in Resources */ = {isa = PBXBuildFile; fileRef = DBD4A06317F3A2C400628381 /* cball00005.png */; };
		DBD4A07C17F3A2C400628381 /* cball00006.png in Resources */ = {isa = PBXBuildFile; fileRef = DBD4A06417F3A2C400628381 /* cball00006.png */; };
		DBD4A07D17F3A2C400628381 /* cball00007.png in Resources */ = {isa = PBXBuildFile; fileRef = DBD4A06517F3A2C400628381 /* cball00007.png */; };
		DBD4A07E17F3A2C400628381 /* cball00002.png in Resources */ = {isa = PBXBuildFile; fileRef = DBD4A06617F3A2C400628381 /* cball00002.png */; };
		DBD4A08717F3B4CF00628381 /* background.png in Resources */ = {isa = PBXBuildFile; fileRef = DBD4A08517F3B4CF00628381 /* background.png */; };
		DBD4A08817F3B4CF00628381 /* background@2x.png in Resources */ = {isa = PBXBuildFile; fileRef = DBD4A08617F3B4CF00628381 /* background@2x.png */; };
/* End PBXBuildFile section */

/* Begin PBXContainerItemProxy section */
		DB71ABCC17F22D3F00DE1E30 /* PBXContainerItemProxy */ = {
			isa = PBXContainerItemProxy;
			containerPortal = DB71AB9E17F22D3F00DE1E30 /* Project object */;
			proxyType = 1;
			remoteGlobalIDString = DB71ABA517F22D3F00DE1E30;
			remoteInfo = CrtstalBall;
		};
/* End PBXContainerItemProxy section */

/* Begin PBXFileReference section */
		DB71ABA617F22D3F00DE1E30 /* CrtstalBall.app */ = {isa = PBXFileReference; explicitFileType = wrapper.application; includeInIndex = 0; path = CrtstalBall.app; sourceTree = BUILT_PRODUCTS_DIR; };
		DB71ABA917F22D3F00DE1E30 /* Foundation.framework */ = {isa = PBXFileReference; lastKnownFileType = wrapper.framework; name = Foundation.framework; path = System/Library/Frameworks/Foundation.framework; sourceTree = SDKROOT; };
		DB71ABAB17F22D3F00DE1E30 /* CoreGraphics.framework */ = {isa = PBXFileReference; lastKnownFileType = wrapper.framework; name = CoreGraphics.framework; path = System/Library/Frameworks/CoreGraphics.framework; sourceTree = SDKROOT; };
		DB71ABAD17F22D3F00DE1E30 /* UIKit.framework */ = {isa = PBXFileReference; lastKnownFileType = wrapper.framework; name = UIKit.framework; path = System/Library/Frameworks/UIKit.framework; sourceTree = SDKROOT; };
		DB71ABB117F22D3F00DE1E30 /* CrtstalBall-Info.plist */ = {isa = PBXFileReference; lastKnownFileType = text.plist.xml; path = "CrtstalBall-Info.plist"; sourceTree = "<group>"; };
		DB71ABB317F22D3F00DE1E30 /* en */ = {isa = PBXFileReference; lastKnownFileType = text.plist.strings; name = en; path = en.lproj/InfoPlist.strings; sourceTree = "<group>"; };
		DB71ABB517F22D3F00DE1E30 /* main.m */ = {isa = PBXFileReference; lastKnownFileType = sourcecode.c.objc; path = main.m; sourceTree = "<group>"; };
		DB71ABB717F22D3F00DE1E30 /* CrtstalBall-Prefix.pch */ = {isa = PBXFileReference; lastKnownFileType = sourcecode.c.h; path = "CrtstalBall-Prefix.pch"; sourceTree = "<group>"; };
		DB71ABB817F22D3F00DE1E30 /* AppDelegate.h */ = {isa = PBXFileReference; lastKnownFileType = sourcecode.c.h; path = AppDelegate.h; sourceTree = "<group>"; };
		DB71ABB917F22D3F00DE1E30 /* AppDelegate.m */ = {isa = PBXFileReference; lastKnownFileType = sourcecode.c.objc; path = AppDelegate.m; sourceTree = "<group>"; };
		DB71ABBC17F22D3F00DE1E30 /* Base */ = {isa = PBXFileReference; lastKnownFileType = file.storyboard; name = Base; path = Base.lproj/Main.storyboard; sourceTree = "<group>"; };
		DB71ABBE17F22D3F00DE1E30 /* ViewController.h */ = {isa = PBXFileReference; lastKnownFileType = sourcecode.c.h; path = ViewController.h; sourceTree = "<group>"; };
		DB71ABBF17F22D3F00DE1E30 /* ViewController.m */ = {isa = PBXFileReference; lastKnownFileType = sourcecode.c.objc; path = ViewController.m; sourceTree = "<group>"; };
		DB71ABC117F22D3F00DE1E30 /* Images.xcassets */ = {isa = PBXFileReference; lastKnownFileType = folder.assetcatalog; path = Images.xcassets; sourceTree = "<group>"; };
		DB71ABC717F22D3F00DE1E30 /* CrtstalBallTests.xctest */ = {isa = PBXFileReference; explicitFileType = wrapper.cfbundle; includeInIndex = 0; path = CrtstalBallTests.xctest; sourceTree = BUILT_PRODUCTS_DIR; };
		DB71ABC817F22D3F00DE1E30 /* XCTest.framework */ = {isa = PBXFileReference; lastKnownFileType = wrapper.framework; name = XCTest.framework; path = Library/Frameworks/XCTest.framework; sourceTree = DEVELOPER_DIR; };
		DB71ABD017F22D3F00DE1E30 /* CrtstalBallTests-Info.plist */ = {isa = PBXFileReference; lastKnownFileType = text.plist.xml; path = "CrtstalBallTests-Info.plist"; sourceTree = "<group>"; };
		DB71ABD217F22D3F00DE1E30 /* en */ = {isa = PBXFileReference; lastKnownFileType = text.plist.strings; name = en; path = en.lproj/InfoPlist.strings; sourceTree = "<group>"; };
		DB71ABD417F22D3F00DE1E30 /* CrtstalBallTests.m */ = {isa = PBXFileReference; lastKnownFileType = sourcecode.c.objc; path = CrtstalBallTests.m; sourceTree = "<group>"; };
		DBD4A04417F381F100628381 /* button_bg_on.png */ = {isa = PBXFileReference; lastKnownFileType = image.png; path = button_bg_on.png; sourceTree = "<group>"; };
		DBD4A04617F3820D00628381 /* button_bg_off.png */ = {isa = PBXFileReference; lastKnownFileType = image.png; path = button_bg_off.png; sourceTree = "<group>"; };
		DBD4A04A17F3897100628381 /* button_bg_off@2x.png */ = {isa = PBXFileReference; lastKnownFileType = image.png; path = "button_bg_off@2x.png"; sourceTree = "<group>"; };
		DBD4A04B17F3897100628381 /* button_bg_on@2x.png */ = {isa = PBXFileReference; lastKnownFileType = image.png; path = "button_bg_on@2x.png"; sourceTree = "<group>"; };
		DBD4A04F17F3A2C400628381 /* cball00001.png */ = {isa = PBXFileReference; lastKnownFileType = image.png; path = cball00001.png; sourceTree = "<group>"; };
		DBD4A05017F3A2C400628381 /* cball00023.png */ = {isa = PBXFileReference; lastKnownFileType = image.png; path = cball00023.png; sourceTree = "<group>"; };
		DBD4A05117F3A2C400628381 /* cball00024.png */ = {isa = PBXFileReference; lastKnownFileType = image.png; path = cball00024.png; sourceTree = "<group>"; };
		DBD4A05217F3A2C400628381 /* cball00017.png */ = {isa = PBXFileReference; lastKnownFileType = image.png; path = cball00017.png; sourceTree = "<group>"; };
		DBD4A05317F3A2C400628381 /* cball00018.png */ = {isa = PBXFileReference; lastKnownFileType = image.png; path = cball00018.png; sourceTree = "<group>"; };
		DBD4A05417F3A2C400628381 /* cball00019.png */ = {isa = PBXFileReference; lastKnownFileType = image.png; path = cball00019.png; sourceTree = "<group>"; };
		DBD4A05517F3A2C400628381 /* cball00020.png */ = {isa = PBXFileReference; lastKnownFileType = image.png; path = cball00020.png; sourceTree = "<group>"; };
		DBD4A05617F3A2C400628381 /* cball00021.png */ = {isa = PBXFileReference; lastKnownFileType = image.png; path = cball00021.png; sourceTree = "<group>"; };
		DBD4A05717F3A2C400628381 /* cball00022.png */ = {isa = PBXFileReference; lastKnownFileType = image.png; path = cball00022.png; sourceTree = "<group>"; };
		DBD4A05817F3A2C400628381 /* cball00013.png */ = {isa = PBXFileReference; lastKnownFileType = image.png; path = cball00013.png; sourceTree = "<group>"; };
		DBD4A05917F3A2C400628381 /* cball00014.png */ = {isa = PBXFileReference; lastKnownFileType = image.png; path = cball00014.png; sourceTree = "<group>"; };
		DBD4A05A17F3A2C400628381 /* cball00015.png */ = {isa = PBXFileReference; lastKnownFileType = image.png; path = cball00015.png; sourceTree = "<group>"; };
		DBD4A05B17F3A2C400628381 /* cball00016.png */ = {isa = PBXFileReference; lastKnownFileType = image.png; path = cball00016.png; sourceTree = "<group>"; };
		DBD4A05C17F3A2C400628381 /* cball00008.png */ = {isa = PBXFileReference; lastKnownFileType = image.png; path = cball00008.png; sourceTree = "<group>"; };
		DBD4A05D17F3A2C400628381 /* cball00009.png */ = {isa = PBXFileReference; lastKnownFileType = image.png; path = cball00009.png; sourceTree = "<group>"; };
		DBD4A05E17F3A2C400628381 /* cball00010.png */ = {isa = PBXFileReference; lastKnownFileType = image.png; path = cball00010.png; sourceTree = "<group>"; };
		DBD4A05F17F3A2C400628381 /* cball00011.png */ = {isa = PBXFileReference; lastKnownFileType = image.png; path = cball00011.png; sourceTree = "<group>"; };
		DBD4A06017F3A2C400628381 /* cball00012.png */ = {isa = PBXFileReference; lastKnownFileType = image.png; path = cball00012.png; sourceTree = "<group>"; };
		DBD4A06117F3A2C400628381 /* cball00003.png */ = {isa = PBXFileReference; lastKnownFileType = image.png; path = cball00003.png; sourceTree = "<group>"; };
		DBD4A06217F3A2C400628381 /* cball00004.png */ = {isa = PBXFileReference; lastKnownFileType = image.png; path = cball00004.png; sourceTree = "<group>"; };
		DBD4A06317F3A2C400628381 /* cball00005.png */ = {isa = PBXFileReference; lastKnownFileType = image.png; path = cball00005.png; sourceTree = "<group>"; };
		DBD4A06417F3A2C400628381 /* cball00006.png */ = {isa = PBXFileReference; lastKnownFileType = image.png; path = cball00006.png; sourceTree = "<group>"; };
		DBD4A06517F3A2C400628381 /* cball00007.png */ = {isa = PBXFileReference; lastKnownFileType = image.png; path = cball00007.png; sourceTree = "<group>"; };
		DBD4A06617F3A2C400628381 /* cball00002.png */ = {isa = PBXFileReference; lastKnownFileType = image.png; path = cball00002.png; sourceTree = "<group>"; };
		DBD4A08517F3B4CF00628381 /* background.png */ = {isa = PBXFileReference; lastKnownFileType = image.png; name = background.png; path = "../../../Unzipped/CrystalBall 2/CrystalBall/background.png"; sourceTree = "<group>"; };
		DBD4A08617F3B4CF00628381 /* background@2x.png */ = {isa = PBXFileReference; lastKnownFileType = image.png; name = "background@2x.png"; path = "../../../Unzipped/CrystalBall 2/CrystalBall/background@2x.png"; sourceTree = "<group>"; };
/* End PBXFileReference section */

/* Begin PBXFrameworksBuildPhase section */
		DB71ABA317F22D3F00DE1E30 /* Frameworks */ = {
			isa = PBXFrameworksBuildPhase;
			buildActionMask = 2147483647;
			files = (
				DB71ABAC17F22D3F00DE1E30 /* CoreGraphics.framework in Frameworks */,
				DB71ABAE17F22D3F00DE1E30 /* UIKit.framework in Frameworks */,
				DB71ABAA17F22D3F00DE1E30 /* Foundation.framework in Frameworks */,
			);
			runOnlyForDeploymentPostprocessing = 0;
		};
		DB71ABC417F22D3F00DE1E30 /* Frameworks */ = {
			isa = PBXFrameworksBuildPhase;
			buildActionMask = 2147483647;
			files = (
				DB71ABC917F22D3F00DE1E30 /* XCTest.framework in Frameworks */,
				DB71ABCB17F22D3F00DE1E30 /* UIKit.framework in Frameworks */,
				DB71ABCA17F22D3F00DE1E30 /* Foundation.framework in Frameworks */,
			);
			runOnlyForDeploymentPostprocessing = 0;
		};
/* End PBXFrameworksBuildPhase section */

/* Begin PBXGroup section */
		DB71AB9D17F22D3F00DE1E30 = {
			isa = PBXGroup;
			children = (
				DB71ABAF17F22D3F00DE1E30 /* CrtstalBall */,
				DB71ABCE17F22D3F00DE1E30 /* CrtstalBallTests */,
				DB71ABA817F22D3F00DE1E30 /* Frameworks */,
				DB71ABA717F22D3F00DE1E30 /* Products */,
			);
			sourceTree = "<group>";
		};
		DB71ABA717F22D3F00DE1E30 /* Products */ = {
			isa = PBXGroup;
			children = (
				DB71ABA617F22D3F00DE1E30 /* CrtstalBall.app */,
				DB71ABC717F22D3F00DE1E30 /* CrtstalBallTests.xctest */,
			);
			name = Products;
			sourceTree = "<group>";
		};
		DB71ABA817F22D3F00DE1E30 /* Frameworks */ = {
			isa = PBXGroup;
			children = (
				DB71ABA917F22D3F00DE1E30 /* Foundation.framework */,
				DB71ABAB17F22D3F00DE1E30 /* CoreGraphics.framework */,
				DB71ABAD17F22D3F00DE1E30 /* UIKit.framework */,
				DB71ABC817F22D3F00DE1E30 /* XCTest.framework */,
			);
			name = Frameworks;
			sourceTree = "<group>";
		};
		DB71ABAF17F22D3F00DE1E30 /* CrtstalBall */ = {
			isa = PBXGroup;
			children = (
				DBD4A04117F24E4500628381 /* Images */,
				DB71ABB817F22D3F00DE1E30 /* AppDelegate.h */,
				DB71ABB917F22D3F00DE1E30 /* AppDelegate.m */,
				DB71ABBB17F22D3F00DE1E30 /* Main.storyboard */,
				DB71ABBE17F22D3F00DE1E30 /* ViewController.h */,
				DB71ABBF17F22D3F00DE1E30 /* ViewController.m */,
				DB71ABC117F22D3F00DE1E30 /* Images.xcassets */,
				DB71ABB017F22D3F00DE1E30 /* Supporting Files */,
			);
			path = CrtstalBall;
			sourceTree = "<group>";
		};
		DB71ABB017F22D3F00DE1E30 /* Supporting Files */ = {
			isa = PBXGroup;
			children = (
				DB71ABB117F22D3F00DE1E30 /* CrtstalBall-Info.plist */,
				DB71ABB217F22D3F00DE1E30 /* InfoPlist.strings */,
				DB71ABB517F22D3F00DE1E30 /* main.m */,
				DB71ABB717F22D3F00DE1E30 /* CrtstalBall-Prefix.pch */,
			);
			name = "Supporting Files";
			sourceTree = "<group>";
		};
		DB71ABCE17F22D3F00DE1E30 /* CrtstalBallTests */ = {
			isa = PBXGroup;
			children = (
				DB71ABD417F22D3F00DE1E30 /* CrtstalBallTests.m */,
				DB71ABCF17F22D3F00DE1E30 /* Supporting Files */,
			);
			path = CrtstalBallTests;
			sourceTree = "<group>";
		};
		DB71ABCF17F22D3F00DE1E30 /* Supporting Files */ = {
			isa = PBXGroup;
			children = (
				DB71ABD017F22D3F00DE1E30 /* CrtstalBallTests-Info.plist */,
				DB71ABD117F22D3F00DE1E30 /* InfoPlist.strings */,
			);
			name = "Supporting Files";
			sourceTree = "<group>";
		};
		DBD4A04117F24E4500628381 /* Images */ = {
			isa = PBXGroup;
			children = (
				DBD4A08517F3B4CF00628381 /* background.png */,
				DBD4A08617F3B4CF00628381 /* background@2x.png */,
				DBD4A04E17F3A19E00628381 /* animation */,
				DBD4A04A17F3897100628381 /* button_bg_off@2x.png */,
				DBD4A04B17F3897100628381 /* button_bg_on@2x.png */,
				DBD4A04617F3820D00628381 /* button_bg_off.png */,
				DBD4A04417F381F100628381 /* button_bg_on.png */,
			);
			name = Images;
			sourceTree = "<group>";
		};
		DBD4A04E17F3A19E00628381 /* animation */ = {
			isa = PBXGroup;
			children = (
				DBD4A04F17F3A2C400628381 /* cball00001.png */,
				DBD4A05017F3A2C400628381 /* cball00023.png */,
				DBD4A05117F3A2C400628381 /* cball00024.png */,
				DBD4A05217F3A2C400628381 /* cball00017.png */,
				DBD4A05317F3A2C400628381 /* cball00018.png */,
				DBD4A05417F3A2C400628381 /* cball00019.png */,
				DBD4A05517F3A2C400628381 /* cball00020.png */,
				DBD4A05617F3A2C400628381 /* cball00021.png */,
				DBD4A05717F3A2C400628381 /* cball00022.png */,
				DBD4A05817F3A2C400628381 /* cball00013.png */,
				DBD4A05917F3A2C400628381 /* cball00014.png */,
				DBD4A05A17F3A2C400628381 /* cball00015.png */,
				DBD4A05B17F3A2C400628381 /* cball00016.png */,
				DBD4A05C17F3A2C400628381 /* cball00008.png */,
				DBD4A05D17F3A2C400628381 /* cball00009.png */,
				DBD4A05E17F3A2C400628381 /* cball00010.png */,
				DBD4A05F17F3A2C400628381 /* cball00011.png */,
				DBD4A06017F3A2C400628381 /* cball00012.png */,
				DBD4A06117F3A2C400628381 /* cball00003.png */,
				DBD4A06217F3A2C400628381 /* cball00004.png */,
				DBD4A06317F3A2C400628381 /* cball00005.png */,
				DBD4A06417F3A2C400628381 /* cball00006.png */,
				DBD4A06517F3A2C400628381 /* cball00007.png */,
				DBD4A06617F3A2C400628381 /* cball00002.png */,
			);
			name = animation;
			sourceTree = "<group>";
		};
/* End PBXGroup section */

/* Begin PBXNativeTarget section */
		DB71ABA517F22D3F00DE1E30 /* CrtstalBall */ = {
			isa = PBXNativeTarget;
			buildConfigurationList = DB71ABD817F22D3F00DE1E30 /* Build configuration list for PBXNativeTarget "CrtstalBall" */;
			buildPhases = (
				DB71ABA217F22D3F00DE1E30 /* Sources */,
				DB71ABA317F22D3F00DE1E30 /* Frameworks */,
				DB71ABA417F22D3F00DE1E30 /* Resources */,
			);
			buildRules = (
			);
			dependencies = (
			);
			name = CrtstalBall;
			productName = CrtstalBall;
			productReference = DB71ABA617F22D3F00DE1E30 /* CrtstalBall.app */;
			productType = "com.apple.product-type.application";
		};
		DB71ABC617F22D3F00DE1E30 /* CrtstalBallTests */ = {
			isa = PBXNativeTarget;
			buildConfigurationList = DB71ABDB17F22D3F00DE1E30 /* Build configuration list for PBXNativeTarget "CrtstalBallTests" */;
			buildPhases = (
				DB71ABC317F22D3F00DE1E30 /* Sources */,
				DB71ABC417F22D3F00DE1E30 /* Frameworks */,
				DB71ABC517F22D3F00DE1E30 /* Resources */,
			);
			buildRules = (
			);
			dependencies = (
				DB71ABCD17F22D3F00DE1E30 /* PBXTargetDependency */,
			);
			name = CrtstalBallTests;
			productName = CrtstalBallTests;
			productReference = DB71ABC717F22D3F00DE1E30 /* CrtstalBallTests.xctest */;
			productType = "com.apple.product-type.bundle.unit-test";
		};
/* End PBXNativeTarget section */

/* Begin PBXProject section */
		DB71AB9E17F22D3F00DE1E30 /* Project object */ = {
			isa = PBXProject;
			attributes = {
				LastUpgradeCheck = 0500;
				ORGANIZATIONNAME = com.company;
				TargetAttributes = {
					DB71ABC617F22D3F00DE1E30 = {
						TestTargetID = DB71ABA517F22D3F00DE1E30;
					};
				};
			};
			buildConfigurationList = DB71ABA117F22D3F00DE1E30 /* Build configuration list for PBXProject "CrtstalBall" */;
			compatibilityVersion = "Xcode 3.2";
			developmentRegion = English;
			hasScannedForEncodings = 0;
			knownRegions = (
				en,
				Base,
			);
			mainGroup = DB71AB9D17F22D3F00DE1E30;
			productRefGroup = DB71ABA717F22D3F00DE1E30 /* Products */;
			projectDirPath = "";
			projectRoot = "";
			targets = (
				DB71ABA517F22D3F00DE1E30 /* CrtstalBall */,
				DB71ABC617F22D3F00DE1E30 /* CrtstalBallTests */,
			);
		};
/* End PBXProject section */

/* Begin PBXResourcesBuildPhase section */
		DB71ABA417F22D3F00DE1E30 /* Resources */ = {
			isa = PBXResourcesBuildPhase;
			buildActionMask = 2147483647;
			files = (
				DBD4A07317F3A2C400628381 /* cball00016.png in Resources */,
				DBD4A08817F3B4CF00628381 /* background@2x.png in Resources */,
				DBD4A08717F3B4CF00628381 /* background.png in Resources */,
				DBD4A04717F3820D00628381 /* button_bg_off.png in Resources */,
				DBD4A07B17F3A2C400628381 /* cball00005.png in Resources */,
				DBD4A07917F3A2C400628381 /* cball00003.png in Resources */,
				DBD4A07617F3A2C400628381 /* cball00010.png in Resources */,
				DBD4A06D17F3A2C400628381 /* cball00020.png in Resources */,
				DB71ABC217F22D3F00DE1E30 /* Images.xcassets in Resources */,
				DBD4A06C17F3A2C400628381 /* cball00019.png in Resources */,
				DBD4A07817F3A2C400628381 /* cball00012.png in Resources */,
				DBD4A06717F3A2C400628381 /* cball00001.png in Resources */,
				DBD4A07417F3A2C400628381 /* cball00008.png in Resources */,
				DBD4A06A17F3A2C400628381 /* cball00017.png in Resources */,
				DBD4A06B17F3A2C400628381 /* cball00018.png in Resources */,
				DBD4A07A17F3A2C400628381 /* cball00004.png in Resources */,
				DBD4A06F17F3A2C400628381 /* cball00022.png in Resources */,
				DBD4A06E17F3A2C400628381 /* cball00021.png in Resources */,
				DBD4A07217F3A2C400628381 /* cball00015.png in Resources */,
				DBD4A07017F3A2C400628381 /* cball00013.png in Resources */,
				DBD4A04D17F3897100628381 /* button_bg_on@2x.png in Resources */,
				DBD4A07117F3A2C400628381 /* cball00014.png in Resources */,
				DBD4A07717F3A2C400628381 /* cball00011.png in Resources */,
				DBD4A07D17F3A2C400628381 /* cball00007.png in Resources */,
				DBD4A07C17F3A2C400628381 /* cball00006.png in Resources */,
				DBD4A07517F3A2C400628381 /* cball00009.png in Resources */,
				DBD4A06917F3A2C400628381 /* cball00024.png in Resources */,
				DBD4A04517F381F100628381 /* button_bg_on.png in Resources */,
				DBD4A06817F3A2C400628381 /* cball00023.png in Resources */,
				DB71ABB417F22D3F00DE1E30 /* InfoPlist.strings in Resources */,
				DB71ABBD17F22D3F00DE1E30 /* Main.storyboard in Resources */,
				DBD4A04C17F3897100628381 /* button_bg_off@2x.png in Resources */,
				DBD4A07E17F3A2C400628381 /* cball00002.png in Resources */,
			);
			runOnlyForDeploymentPostprocessing = 0;
		};
		DB71ABC517F22D3F00DE1E30 /* Resources */ = {
			isa = PBXResourcesBuildPhase;
			buildActionMask = 2147483647;
			files = (
				DB71ABD317F22D3F00DE1E30 /* InfoPlist.strings in Resources */,
			);
			runOnlyForDeploymentPostprocessing = 0;
		};
/* End PBXResourcesBuildPhase section */

/* Begin PBXSourcesBuildPhase section */
		DB71ABA217F22D3F00DE1E30 /* Sources */ = {
			isa = PBXSourcesBuildPhase;
			buildActionMask = 2147483647;
			files = (
				DB71ABC017F22D3F00DE1E30 /* ViewController.m in Sources */,
				DB71ABBA17F22D3F00DE1E30 /* AppDelegate.m in Sources */,
				DB71ABB617F22D3F00DE1E30 /* main.m in Sources */,
			);
			runOnlyForDeploymentPostprocessing = 0;
		};
		DB71ABC317F22D3F00DE1E30 /* Sources */ = {
			isa = PBXSourcesBuildPhase;
			buildActionMask = 2147483647;
			files = (
				DB71ABD517F22D3F00DE1E30 /* CrtstalBallTests.m in Sources */,
			);
			runOnlyForDeploymentPostprocessing = 0;
		};
/* End PBXSourcesBuildPhase section */

/* Begin PBXTargetDependency section */
		DB71ABCD17F22D3F00DE1E30 /* PBXTargetDependency */ = {
			isa = PBXTargetDependency;
			target = DB71ABA517F22D3F00DE1E30 /* CrtstalBall */;
			targetProxy = DB71ABCC17F22D3F00DE1E30 /* PBXContainerItemProxy */;
		};
/* End PBXTargetDependency section */

/* Begin PBXVariantGroup section */
		DB71ABB217F22D3F00DE1E30 /* InfoPlist.strings */ = {
			isa = PBXVariantGroup;
			children = (
				DB71ABB317F22D3F00DE1E30 /* en */,
			);
			name = InfoPlist.strings;
			sourceTree = "<group>";
		};
		DB71ABBB17F22D3F00DE1E30 /* Main.storyboard */ = {
			isa = PBXVariantGroup;
			children = (
				DB71ABBC17F22D3F00DE1E30 /* Base */,
			);
			name = Main.storyboard;
			sourceTree = "<group>";
		};
		DB71ABD117F22D3F00DE1E30 /* InfoPlist.strings */ = {
			isa = PBXVariantGroup;
			children = (
				DB71ABD217F22D3F00DE1E30 /* en */,
			);
			name = InfoPlist.strings;
			sourceTree = "<group>";
		};
/* End PBXVariantGroup section */

/* Begin XCBuildConfiguration section */
		DB71ABD617F22D3F00DE1E30 /* Debug */ = {
			isa = XCBuildConfiguration;
			buildSettings = {
				ALWAYS_SEARCH_USER_PATHS = NO;
				ARCHS = "$(ARCHS_STANDARD_INCLUDING_64_BIT)";
				CLANG_CXX_LANGUAGE_STANDARD = "gnu++0x";
				CLANG_CXX_LIBRARY = "libc++";
				CLANG_ENABLE_MODULES = YES;
				CLANG_ENABLE_OBJC_ARC = YES;
				CLANG_WARN_BOOL_CONVERSION = YES;
				CLANG_WARN_CONSTANT_CONVERSION = YES;
				CLANG_WARN_DIRECT_OBJC_ISA_USAGE = YES_ERROR;
				CLANG_WARN_EMPTY_BODY = YES;
				CLANG_WARN_ENUM_CONVERSION = YES;
				CLANG_WARN_INT_CONVERSION = YES;
				CLANG_WARN_OBJC_ROOT_CLASS = YES_ERROR;
				CLANG_WARN__DUPLICATE_METHOD_MATCH = YES;
				"CODE_SIGN_IDENTITY[sdk=iphoneos*]" = "iPhone Developer";
				COPY_PHASE_STRIP = NO;
				GCC_C_LANGUAGE_STANDARD = gnu99;
				GCC_DYNAMIC_NO_PIC = NO;
				GCC_OPTIMIZATION_LEVEL = 0;
				GCC_PREPROCESSOR_DEFINITIONS = (
					"DEBUG=1",
					"$(inherited)",
				);
				GCC_SYMBOLS_PRIVATE_EXTERN = NO;
				GCC_WARN_64_TO_32_BIT_CONVERSION = YES;
				GCC_WARN_ABOUT_RETURN_TYPE = YES_ERROR;
				GCC_WARN_UNDECLARED_SELECTOR = YES;
				GCC_WARN_UNINITIALIZED_AUTOS = YES;
				GCC_WARN_UNUSED_FUNCTION = YES;
				GCC_WARN_UNUSED_VARIABLE = YES;
				IPHONEOS_DEPLOYMENT_TARGET = 7.0;
				ONLY_ACTIVE_ARCH = YES;
				SDKROOT = iphoneos;
			};
			name = Debug;
		};
		DB71ABD717F22D3F00DE1E30 /* Release */ = {
			isa = XCBuildConfiguration;
			buildSettings = {
				ALWAYS_SEARCH_USER_PATHS = NO;
				ARCHS = "$(ARCHS_STANDARD_INCLUDING_64_BIT)";
				CLANG_CXX_LANGUAGE_STANDARD = "gnu++0x";
				CLANG_CXX_LIBRARY = "libc++";
				CLANG_ENABLE_MODULES = YES;
				CLANG_ENABLE_OBJC_ARC = YES;
				CLANG_WARN_BOOL_CONVERSION = YES;
				CLANG_WARN_CONSTANT_CONVERSION = YES;
				CLANG_WARN_DIRECT_OBJC_ISA_USAGE = YES_ERROR;
				CLANG_WARN_EMPTY_BODY = YES;
				CLANG_WARN_ENUM_CONVERSION = YES;
				CLANG_WARN_INT_CONVERSION = YES;
				CLANG_WARN_OBJC_ROOT_CLASS = YES_ERROR;
				CLANG_WARN__DUPLICATE_METHOD_MATCH = YES;
				"CODE_SIGN_IDENTITY[sdk=iphoneos*]" = "iPhone Developer";
				COPY_PHASE_STRIP = YES;
				ENABLE_NS_ASSERTIONS = NO;
				GCC_C_LANGUAGE_STANDARD = gnu99;
				GCC_WARN_64_TO_32_BIT_CONVERSION = YES;
				GCC_WARN_ABOUT_RETURN_TYPE = YES_ERROR;
				GCC_WARN_UNDECLARED_SELECTOR = YES;
				GCC_WARN_UNINITIALIZED_AUTOS = YES;
				GCC_WARN_UNUSED_FUNCTION = YES;
				GCC_WARN_UNUSED_VARIABLE = YES;
				IPHONEOS_DEPLOYMENT_TARGET = 7.0;
				SDKROOT = iphoneos;
				VALIDATE_PRODUCT = YES;
			};
			name = Release;
		};
		DB71ABD917F22D3F00DE1E30 /* Debug */ = {
			isa = XCBuildConfiguration;
			buildSettings = {
				ASSETCATALOG_COMPILER_APPICON_NAME = AppIcon;
				ASSETCATALOG_COMPILER_LAUNCHIMAGE_NAME = LaunchImage;
				GCC_PRECOMPILE_PREFIX_HEADER = YES;
				GCC_PREFIX_HEADER = "CrtstalBall/CrtstalBall-Prefix.pch";
				INFOPLIST_FILE = "CrtstalBall/CrtstalBall-Info.plist";
				PRODUCT_NAME = "$(TARGET_NAME)";
				WRAPPER_EXTENSION = app;
			};
			name = Debug;
		};
		DB71ABDA17F22D3F00DE1E30 /* Release */ = {
			isa = XCBuildConfiguration;
			buildSettings = {
				ASSETCATALOG_COMPILER_APPICON_NAME = AppIcon;
				ASSETCATALOG_COMPILER_LAUNCHIMAGE_NAME = LaunchImage;
				GCC_PRECOMPILE_PREFIX_HEADER = YES;
				GCC_PREFIX_HEADER = "CrtstalBall/CrtstalBall-Prefix.pch";
				INFOPLIST_FILE = "CrtstalBall/CrtstalBall-Info.plist";
				PRODUCT_NAME = "$(TARGET_NAME)";
				WRAPPER_EXTENSION = app;
			};
			name = Release;
		};
		DB71ABDC17F22D3F00DE1E30 /* Debug */ = {
			isa = XCBuildConfiguration;
			buildSettings = {
				ARCHS = "$(ARCHS_STANDARD_INCLUDING_64_BIT)";
				BUNDLE_LOADER = "$(BUILT_PRODUCTS_DIR)/CrtstalBall.app/CrtstalBall";
				FRAMEWORK_SEARCH_PATHS = (
					"$(SDKROOT)/Developer/Library/Frameworks",
					"$(inherited)",
					"$(DEVELOPER_FRAMEWORKS_DIR)",
				);
				GCC_PRECOMPILE_PREFIX_HEADER = YES;
				GCC_PREFIX_HEADER = "CrtstalBall/CrtstalBall-Prefix.pch";
				GCC_PREPROCESSOR_DEFINITIONS = (
					"DEBUG=1",
					"$(inherited)",
				);
				INFOPLIST_FILE = "CrtstalBallTests/CrtstalBallTests-Info.plist";
				PRODUCT_NAME = "$(TARGET_NAME)";
				TEST_HOST = "$(BUNDLE_LOADER)";
				WRAPPER_EXTENSION = xctest;
			};
			name = Debug;
		};
		DB71ABDD17F22D3F00DE1E30 /* Release */ = {
			isa = XCBuildConfiguration;
			buildSettings = {
				ARCHS = "$(ARCHS_STANDARD_INCLUDING_64_BIT)";
				BUNDLE_LOADER = "$(BUILT_PRODUCTS_DIR)/CrtstalBall.app/CrtstalBall";
				FRAMEWORK_SEARCH_PATHS = (
					"$(SDKROOT)/Developer/Library/Frameworks",
					"$(inherited)",
					"$(DEVELOPER_FRAMEWORKS_DIR)",
				);
				GCC_PRECOMPILE_PREFIX_HEADER = YES;
				GCC_PREFIX_HEADER = "CrtstalBall/CrtstalBall-Prefix.pch";
				INFOPLIST_FILE = "CrtstalBallTests/CrtstalBallTests-Info.plist";
				PRODUCT_NAME = "$(TARGET_NAME)";
				TEST_HOST = "$(BUNDLE_LOADER)";
				WRAPPER_EXTENSION = xctest;
			};
			name = Release;
		};
/* End XCBuildConfiguration section */

/* Begin XCConfigurationList section */
		DB71ABA117F22D3F00DE1E30 /* Build configuration list for PBXProject "CrtstalBall" */ = {
			isa = XCConfigurationList;
			buildConfigurations = (
				DB71ABD617F22D3F00DE1E30 /* Debug */,
				DB71ABD717F22D3F00DE1E30 /* Release */,
			);
			defaultConfigurationIsVisible = 0;
			defaultConfigurationName = Release;
		};
		DB71ABD817F22D3F00DE1E30 /* Build configuration list for PBXNativeTarget "CrtstalBall" */ = {
			isa = XCConfigurationList;
			buildConfigurations = (
				DB71ABD917F22D3F00DE1E30 /* Debug */,
				DB71ABDA17F22D3F00DE1E30 /* Release */,
			);
			defaultConfigurationIsVisible = 0;
			defaultConfigurationName = Release;
		};
		DB71ABDB17F22D3F00DE1E30 /* Build configuration list for PBXNativeTarget "CrtstalBallTests" */ = {
			isa = XCConfigurationList;
			buildConfigurations = (
				DB71ABDC17F22D3F00DE1E30 /* Debug */,
				DB71ABDD17F22D3F00DE1E30 /* Release */,
			);
			defaultConfigurationIsVisible = 0;
			defaultConfigurationName = Release;
		};
/* End XCConfigurationList section */
	};
	rootObject = DB71AB9E17F22D3F00DE1E30 /* Project object */;
}
